
Microsoft Visual Studio Solution File, Format Version 12.00
Project("{FAE04EC0-301F-11D3-BF4B-00C04F79EFBC}") = "DiceThrows", "DiceThrows\DiceThrows.csproj", "{B3E011E9-4951-4AE5-8CCE-DAC530761ADA}"
EndProject
Project("{FAE04EC0-301F-11D3-BF4B-00C04F79EFBC}") = "FibonacciSequence", "FibonacciSequence\FibonacciSequence.csproj", "{9D8958EE-B425-45A0-9E37-9E2366829A44}"
EndProject
Project("{FAE04EC0-301F-11D3-BF4B-00C04F79EFBC}") = "DoorRiddle", "DoorRiddle\DoorRiddle.csproj", "{537B0048-A700-489B-9226-54F5A29C9D4A}"
EndProject
Project("{FAE04EC0-301F-11D3-BF4B-00C04F79EFBC}") = "SudokuSolver", "SudokuSolver\SudokuSolver.csproj", "{5E8EC112-7182-4D2D-8DA9-252FFDCB1A8D}"
EndProject
Project("{FAE04EC0-301F-11D3-BF4B-00C04F79EFBC}") = "PiDigits", "PiDigits\PiDigits.csproj", "{A5DB62C8-DBC8-473D-B0C3-76E59A21A21F}"
EndProject
Global
	GlobalSection(SolutionConfigurationPlatforms) = preSolution
		Debug|Any CPU = Debug|Any CPU
		Release|Any CPU = Release|Any CPU
	EndGlobalSection
	GlobalSection(ProjectConfigurationPlatforms) = postSolution
		{B3E011E9-4951-4AE5-8CCE-DAC530761ADA}.Debug|Any CPU.ActiveCfg = Debug|Any CPU
		{B3E011E9-4951-4AE5-8CCE-DAC530761ADA}.Debug|Any CPU.Build.0 = Debug|Any CPU
		{B3E011E9-4951-4AE5-8CCE-DAC530761ADA}.Release|Any CPU.ActiveCfg = Release|Any CPU
		{B3E011E9-4951-4AE5-8CCE-DAC530761ADA}.Release|Any CPU.Build.0 = Release|Any CPU
		{9D8958EE-B425-45A0-9E37-9E2366829A44}.Debug|Any CPU.ActiveCfg = Debug|Any CPU
		{9D8958EE-B425-45A0-9E37-9E2366829A44}.Debug|Any CPU.Build.0 = Debug|Any CPU
		{9D8958EE-B425-45A0-9E37-9E2366829A44}.Release|Any CPU.ActiveCfg = Release|Any CPU
		{9D8958EE-B425-45A0-9E37-9E2366829A44}.Release|Any CPU.Build.0 = Release|Any CPU
		{537B0048-A700-489B-9226-54F5A29C9D4A}.Debug|Any CPU.ActiveCfg = Debug|Any CPU
		{537B0048-A700-489B-9226-54F5A29C9D4A}.Debug|Any CPU.Build.0 = Debug|Any CPU
		{537B0048-A700-489B-9226-54F5A29C9D4A}.Release|Any CPU.ActiveCfg = Release|Any CPU
		{537B0048-A700-489B-9226-54F5A29C9D4A}.Release|Any CPU.Build.0 = Release|Any CPU
		{5E8EC112-7182-4D2D-8DA9-252FFDCB1A8D}.Debug|Any CPU.ActiveCfg = Debug|Any CPU
		{5E8EC112-7182-4D2D-8DA9-252FFDCB1A8D}.Debug|Any CPU.Build.0 = Debug|Any CPU
		{5E8EC112-7182-4D2D-8DA9-252FFDCB1A8D}.Release|Any CPU.ActiveCfg = Release|Any CPU
		{5E8EC112-7182-4D2D-8DA9-252FFDCB1A8D}.Release|Any CPU.Build.0 = Release|Any CPU
		{A5DB62C8-DBC8-473D-B0C3-76E59A21A21F}.Debug|Any CPU.ActiveCfg = Debug|Any CPU
		{A5DB62C8-DBC8-473D-B0C3-76E59A21A21F}.Debug|Any CPU.Build.0 = Debug|Any CPU
		{A5DB62C8-DBC8-473D-B0C3-76E59A21A21F}.Release|Any CPU.ActiveCfg = Release|Any CPU
		{A5DB62C8-DBC8-473D-B0C3-76E59A21A21F}.Release|Any CPU.Build.0 = Release|Any CPU
	EndGlobalSection
EndGlobal
